// !$*UTF8*$!
{
	archiveVersion = 1;
	classes = {
	};
	objectVersion = 46;
	objects = {

/* Begin PBXBuildFile section */
		755EC0851D38754E000B7691 /* MoviesTableViewDataSource.swift in Sources */ = {isa = PBXBuildFile; fileRef = 755EC0841D38754E000B7691 /* MoviesTableViewDataSource.swift */; };
		757EE30D1D360CE30083C177 /* DetailViewController.swift in Sources */ = {isa = PBXBuildFile; fileRef = 757EE30C1D360CE30083C177 /* DetailViewController.swift */; };
		75B096341D367ABC0016EB7C /* Genre.swift in Sources */ = {isa = PBXBuildFile; fileRef = 75B096331D367ABC0016EB7C /* Genre.swift */; };
		75B1F6841D35D024004D11C0 /* TMDbConfig.swift in Sources */ = {isa = PBXBuildFile; fileRef = 75B1F6831D35D024004D11C0 /* TMDbConfig.swift */; };
		75B1F6861D35D141004D11C0 /* Constants.swift in Sources */ = {isa = PBXBuildFile; fileRef = 75B1F6851D35D141004D11C0 /* Constants.swift */; };
		75B1F68B1D35D68A004D11C0 /* GCDUtils.swift in Sources */ = {isa = PBXBuildFile; fileRef = 75B1F68A1D35D68A004D11C0 /* GCDUtils.swift */; };
		75B1F68F1D35D715004D11C0 /* Resource.swift in Sources */ = {isa = PBXBuildFile; fileRef = 75B1F68E1D35D715004D11C0 /* Resource.swift */; };
		75B1F6911D35D75A004D11C0 /* Webservice.swift in Sources */ = {isa = PBXBuildFile; fileRef = 75B1F6901D35D75A004D11C0 /* Webservice.swift */; };
		75B1F6931D35D794004D11C0 /* Result.swift in Sources */ = {isa = PBXBuildFile; fileRef = 75B1F6921D35D794004D11C0 /* Result.swift */; };
		75B1F6971D35EE73004D11C0 /* TMDb.swift in Sources */ = {isa = PBXBuildFile; fileRef = 75B1F6961D35EE73004D11C0 /* TMDb.swift */; };
		75B1F6991D35EF9E004D11C0 /* TMDb+ResourceExtensions.swift in Sources */ = {isa = PBXBuildFile; fileRef = 75B1F6981D35EF9E004D11C0 /* TMDb+ResourceExtensions.swift */; };
		75B1F69B1D35F91A004D11C0 /* Movie.swift in Sources */ = {isa = PBXBuildFile; fileRef = 75B1F69A1D35F91A004D11C0 /* Movie.swift */; };
		75B1F69F1D360A01004D11C0 /* App.swift in Sources */ = {isa = PBXBuildFile; fileRef = 75B1F69E1D360A01004D11C0 /* App.swift */; };
		75D483B81D35CE42004E1986 /* AppDelegate.swift in Sources */ = {isa = PBXBuildFile; fileRef = 75D483B71D35CE42004E1986 /* AppDelegate.swift */; };
		75D483BA1D35CE42004E1986 /* MoviesViewController.swift in Sources */ = {isa = PBXBuildFile; fileRef = 75D483B91D35CE42004E1986 /* MoviesViewController.swift */; };
		75D483BD1D35CE42004E1986 /* Main.storyboard in Resources */ = {isa = PBXBuildFile; fileRef = 75D483BB1D35CE42004E1986 /* Main.storyboard */; };
		75D483BF1D35CE42004E1986 /* Assets.xcassets in Resources */ = {isa = PBXBuildFile; fileRef = 75D483BE1D35CE42004E1986 /* Assets.xcassets */; };
		B231033AE240DF392715EBF9 /* Pods_UpcomingMovies.framework in Frameworks */ = {isa = PBXBuildFile; fileRef = 75120B8A6CAD8CBA8489EE35 /* Pods_UpcomingMovies.framework */; };
/* End PBXBuildFile section */

/* Begin PBXFileReference section */
		75120B8A6CAD8CBA8489EE35 /* Pods_UpcomingMovies.framework */ = {isa = PBXFileReference; explicitFileType = wrapper.framework; includeInIndex = 0; path = Pods_UpcomingMovies.framework; sourceTree = BUILT_PRODUCTS_DIR; };
		755EC0841D38754E000B7691 /* MoviesTableViewDataSource.swift */ = {isa = PBXFileReference; fileEncoding = 4; lastKnownFileType = sourcecode.swift; path = MoviesTableViewDataSource.swift; sourceTree = "<group>"; };
		757EE30C1D360CE30083C177 /* DetailViewController.swift */ = {isa = PBXFileReference; fileEncoding = 4; lastKnownFileType = sourcecode.swift; path = DetailViewController.swift; sourceTree = "<group>"; };
		75B096331D367ABC0016EB7C /* Genre.swift */ = {isa = PBXFileReference; fileEncoding = 4; lastKnownFileType = sourcecode.swift; path = Genre.swift; sourceTree = "<group>"; };
		75B1F6831D35D024004D11C0 /* TMDbConfig.swift */ = {isa = PBXFileReference; fileEncoding = 4; lastKnownFileType = sourcecode.swift; path = TMDbConfig.swift; sourceTree = "<group>"; };
		75B1F6851D35D141004D11C0 /* Constants.swift */ = {isa = PBXFileReference; fileEncoding = 4; lastKnownFileType = sourcecode.swift; path = Constants.swift; sourceTree = "<group>"; };
		75B1F68A1D35D68A004D11C0 /* GCDUtils.swift */ = {isa = PBXFileReference; fileEncoding = 4; lastKnownFileType = sourcecode.swift; path = GCDUtils.swift; sourceTree = "<group>"; };
		75B1F68E1D35D715004D11C0 /* Resource.swift */ = {isa = PBXFileReference; fileEncoding = 4; lastKnownFileType = sourcecode.swift; path = Resource.swift; sourceTree = "<group>"; };
		75B1F6901D35D75A004D11C0 /* Webservice.swift */ = {isa = PBXFileReference; fileEncoding = 4; lastKnownFileType = sourcecode.swift; path = Webservice.swift; sourceTree = "<group>"; };
		75B1F6921D35D794004D11C0 /* Result.swift */ = {isa = PBXFileReference; fileEncoding = 4; lastKnownFileType = sourcecode.swift; path = Result.swift; sourceTree = "<group>"; };
		75B1F6961D35EE73004D11C0 /* TMDb.swift */ = {isa = PBXFileReference; fileEncoding = 4; lastKnownFileType = sourcecode.swift; path = TMDb.swift; sourceTree = "<group>"; };
		75B1F6981D35EF9E004D11C0 /* TMDb+ResourceExtensions.swift */ = {isa = PBXFileReference; fileEncoding = 4; lastKnownFileType = sourcecode.swift; path = "TMDb+ResourceExtensions.swift"; sourceTree = "<group>"; };
		75B1F69A1D35F91A004D11C0 /* Movie.swift */ = {isa = PBXFileReference; fileEncoding = 4; lastKnownFileType = sourcecode.swift; path = Movie.swift; sourceTree = "<group>"; };
		75B1F69E1D360A01004D11C0 /* App.swift */ = {isa = PBXFileReference; fileEncoding = 4; lastKnownFileType = sourcecode.swift; path = App.swift; sourceTree = "<group>"; };
		75D483B41D35CE42004E1986 /* UpcomingMovies.app */ = {isa = PBXFileReference; explicitFileType = wrapper.application; includeInIndex = 0; path = UpcomingMovies.app; sourceTree = BUILT_PRODUCTS_DIR; };
		75D483B71D35CE42004E1986 /* AppDelegate.swift */ = {isa = PBXFileReference; lastKnownFileType = sourcecode.swift; path = AppDelegate.swift; sourceTree = "<group>"; };
		75D483B91D35CE42004E1986 /* MoviesViewController.swift */ = {isa = PBXFileReference; lastKnownFileType = sourcecode.swift; path = MoviesViewController.swift; sourceTree = "<group>"; };
		75D483BC1D35CE42004E1986 /* Base */ = {isa = PBXFileReference; lastKnownFileType = file.storyboard; name = Base; path = Base.lproj/Main.storyboard; sourceTree = "<group>"; };
		75D483BE1D35CE42004E1986 /* Assets.xcassets */ = {isa = PBXFileReference; lastKnownFileType = folder.assetcatalog; path = Assets.xcassets; sourceTree = "<group>"; };
		75D483C01D35CE42004E1986 /* Info.plist */ = {isa = PBXFileReference; lastKnownFileType = text.plist.xml; path = Info.plist; sourceTree = "<group>"; };
		ED965D9D18F9907FA29826D9 /* Pods-UpcomingMovies.release.xcconfig */ = {isa = PBXFileReference; includeInIndex = 1; lastKnownFileType = text.xcconfig; name = "Pods-UpcomingMovies.release.xcconfig"; path = "Pods/Target Support Files/Pods-UpcomingMovies/Pods-UpcomingMovies.release.xcconfig"; sourceTree = "<group>"; };
		F8AC00C8706D189B11016F8D /* Pods-UpcomingMovies.debug.xcconfig */ = {isa = PBXFileReference; includeInIndex = 1; lastKnownFileType = text.xcconfig; name = "Pods-UpcomingMovies.debug.xcconfig"; path = "Pods/Target Support Files/Pods-UpcomingMovies/Pods-UpcomingMovies.debug.xcconfig"; sourceTree = "<group>"; };
/* End PBXFileReference section */

/* Begin PBXFrameworksBuildPhase section */
		75D483B11D35CE41004E1986 /* Frameworks */ = {
			isa = PBXFrameworksBuildPhase;
			buildActionMask = 2147483647;
			files = (
				B231033AE240DF392715EBF9 /* Pods_UpcomingMovies.framework in Frameworks */,
			);
			runOnlyForDeploymentPostprocessing = 0;
		};
/* End PBXFrameworksBuildPhase section */

/* Begin PBXGroup section */
		75B1F6871D35D288004D11C0 /* API */ = {
			isa = PBXGroup;
			children = (
				75B1F6941D35D7E0004D11C0 /* Networking */,
				75B1F6951D35D862004D11C0 /* TMDb */,
			);
			name = API;
			sourceTree = "<group>";
		};
		75B1F68C1D35D6C3004D11C0 /* SupportingFiles */ = {
			isa = PBXGroup;
			children = (
				75D483C01D35CE42004E1986 /* Info.plist */,
			);
			name = SupportingFiles;
			sourceTree = "<group>";
		};
		75B1F68D1D35D6D6004D11C0 /* Utils */ = {
			isa = PBXGroup;
			children = (
				75B1F68A1D35D68A004D11C0 /* GCDUtils.swift */,
			);
			name = Utils;
			sourceTree = "<group>";
		};
		75B1F6941D35D7E0004D11C0 /* Networking */ = {
			isa = PBXGroup;
			children = (
				75B1F68E1D35D715004D11C0 /* Resource.swift */,
				75B1F6901D35D75A004D11C0 /* Webservice.swift */,
				75B1F6921D35D794004D11C0 /* Result.swift */,
			);
			name = Networking;
			sourceTree = "<group>";
		};
		75B1F6951D35D862004D11C0 /* TMDb */ = {
			isa = PBXGroup;
			children = (
				75B1F6961D35EE73004D11C0 /* TMDb.swift */,
				75B1F6831D35D024004D11C0 /* TMDbConfig.swift */,
				75B1F6981D35EF9E004D11C0 /* TMDb+ResourceExtensions.swift */,
			);
			name = TMDb;
			sourceTree = "<group>";
		};
		75B1F69C1D35F91F004D11C0 /* Model */ = {
			isa = PBXGroup;
			children = (
				75B1F69A1D35F91A004D11C0 /* Movie.swift */,
				75B096331D367ABC0016EB7C /* Genre.swift */,
			);
			name = Model;
			sourceTree = "<group>";
		};
		75B1F69D1D3609F6004D11C0 /* App */ = {
			isa = PBXGroup;
			children = (
				75D483B71D35CE42004E1986 /* AppDelegate.swift */,
				75B1F69E1D360A01004D11C0 /* App.swift */,
				75B1F6851D35D141004D11C0 /* Constants.swift */,
			);
			name = App;
			sourceTree = "<group>";
		};
		75D483AB1D35CE41004E1986 = {
			isa = PBXGroup;
			children = (
				75D483B61D35CE42004E1986 /* UpcomingMovies */,
				75D483B51D35CE42004E1986 /* Products */,
				96FCBD6C48DFD3826A3AA779 /* Pods */,
				C01DAF9127328BA6C1D3463D /* Frameworks */,
			);
			sourceTree = "<group>";
		};
		75D483B51D35CE42004E1986 /* Products */ = {
			isa = PBXGroup;
			children = (
				75D483B41D35CE42004E1986 /* UpcomingMovies.app */,
			);
			name = Products;
			sourceTree = "<group>";
		};
		75D483B61D35CE42004E1986 /* UpcomingMovies */ = {
			isa = PBXGroup;
			children = (
				75B1F69D1D3609F6004D11C0 /* App */,
				75B1F6871D35D288004D11C0 /* API */,
				75B1F69C1D35F91F004D11C0 /* Model */,
				75D483C71D35CF81004E1986 /* Controllers */,
				75D483C61D35CF7B004E1986 /* Assets */,
				75B1F68D1D35D6D6004D11C0 /* Utils */,
				75B1F68C1D35D6C3004D11C0 /* SupportingFiles */,
			);
			path = UpcomingMovies;
			sourceTree = "<group>";
		};
		75D483C61D35CF7B004E1986 /* Assets */ = {
			isa = PBXGroup;
			children = (
				75D483BB1D35CE42004E1986 /* Main.storyboard */,
				75D483BE1D35CE42004E1986 /* Assets.xcassets */,
			);
			name = Assets;
			sourceTree = "<group>";
		};
		75D483C71D35CF81004E1986 /* Controllers */ = {
			isa = PBXGroup;
			children = (
				75D483B91D35CE42004E1986 /* MoviesViewController.swift */,
				755EC0841D38754E000B7691 /* MoviesTableViewDataSource.swift */,
				757EE30C1D360CE30083C177 /* DetailViewController.swift */,
			);
			name = Controllers;
			sourceTree = "<group>";
		};
		96FCBD6C48DFD3826A3AA779 /* Pods */ = {
			isa = PBXGroup;
			children = (
				F8AC00C8706D189B11016F8D /* Pods-UpcomingMovies.debug.xcconfig */,
				ED965D9D18F9907FA29826D9 /* Pods-UpcomingMovies.release.xcconfig */,
			);
			name = Pods;
			sourceTree = "<group>";
		};
		C01DAF9127328BA6C1D3463D /* Frameworks */ = {
			isa = PBXGroup;
			children = (
				75120B8A6CAD8CBA8489EE35 /* Pods_UpcomingMovies.framework */,
			);
			name = Frameworks;
			sourceTree = "<group>";
		};
/* End PBXGroup section */

/* Begin PBXNativeTarget section */
		75D483B31D35CE41004E1986 /* UpcomingMovies */ = {
			isa = PBXNativeTarget;
			buildConfigurationList = 75D483C31D35CE42004E1986 /* Build configuration list for PBXNativeTarget "UpcomingMovies" */;
			buildPhases = (
				39D76453103CDDDE593B0F92 /* [CP] Check Pods Manifest.lock */,
				75D483B01D35CE41004E1986 /* Sources */,
				75D483B11D35CE41004E1986 /* Frameworks */,
				75D483B21D35CE41004E1986 /* Resources */,
				4F95B0984277BA918B74CDEE /* [CP] Embed Pods Frameworks */,
				00C0A1D6385BAB29AC2D242A /* [CP] Copy Pods Resources */,
			);
			buildRules = (
			);
			dependencies = (
			);
			name = UpcomingMovies;
			productName = UpcomingMovies;
			productReference = 75D483B41D35CE42004E1986 /* UpcomingMovies.app */;
			productType = "com.apple.product-type.application";
		};
/* End PBXNativeTarget section */

/* Begin PBXProject section */
		75D483AC1D35CE41004E1986 /* Project object */ = {
			isa = PBXProject;
			attributes = {
				LastSwiftUpdateCheck = 0730;
				LastUpgradeCheck = 0830;
				ORGANIZATIONNAME = "Ivan Magda";
				TargetAttributes = {
					75D483B31D35CE41004E1986 = {
						CreatedOnToolsVersion = 7.3.1;
						LastSwiftMigration = 0830;
					};
				};
			};
			buildConfigurationList = 75D483AF1D35CE41004E1986 /* Build configuration list for PBXProject "UpcomingMovies" */;
			compatibilityVersion = "Xcode 3.2";
			developmentRegion = English;
			hasScannedForEncodings = 0;
			knownRegions = (
				en,
				Base,
			);
			mainGroup = 75D483AB1D35CE41004E1986;
			productRefGroup = 75D483B51D35CE42004E1986 /* Products */;
			projectDirPath = "";
			projectRoot = "";
			targets = (
				75D483B31D35CE41004E1986 /* UpcomingMovies */,
			);
		};
/* End PBXProject section */

/* Begin PBXResourcesBuildPhase section */
		75D483B21D35CE41004E1986 /* Resources */ = {
			isa = PBXResourcesBuildPhase;
			buildActionMask = 2147483647;
			files = (
				75D483BF1D35CE42004E1986 /* Assets.xcassets in Resources */,
				75D483BD1D35CE42004E1986 /* Main.storyboard in Resources */,
			);
			runOnlyForDeploymentPostprocessing = 0;
		};
/* End PBXResourcesBuildPhase section */

/* Begin PBXShellScriptBuildPhase section */
		00C0A1D6385BAB29AC2D242A /* [CP] Copy Pods Resources */ = {
			isa = PBXShellScriptBuildPhase;
			buildActionMask = 2147483647;
			files = (
			);
			inputPaths = (
			);
			name = "[CP] Copy Pods Resources";
			outputPaths = (
			);
			runOnlyForDeploymentPostprocessing = 0;
			shellPath = /bin/sh;
			shellScript = "\"${SRCROOT}/Pods/Target Support Files/Pods-UpcomingMovies/Pods-UpcomingMovies-resources.sh\"\n";
			showEnvVarsInLog = 0;
		};
		39D76453103CDDDE593B0F92 /* [CP] Check Pods Manifest.lock */ = {
			isa = PBXShellScriptBuildPhase;
			buildActionMask = 2147483647;
			files = (
			);
			inputPaths = (
				"${PODS_PODFILE_DIR_PATH}/Podfile.lock",
				"${PODS_ROOT}/Manifest.lock",
			);
			name = "[CP] Check Pods Manifest.lock";
			outputPaths = (
				"$(DERIVED_FILE_DIR)/Pods-UpcomingMovies-checkManifestLockResult.txt",
			);
			runOnlyForDeploymentPostprocessing = 0;
			shellPath = /bin/sh;
			shellScript = "diff \"${PODS_PODFILE_DIR_PATH}/Podfile.lock\" \"${PODS_ROOT}/Manifest.lock\" > /dev/null\nif [ $? != 0 ] ; then\n    # print error to STDERR\n    echo \"error: The sandbox is not in sync with the Podfile.lock. Run 'pod install' or update your CocoaPods installation.\" >&2\n    exit 1\nfi\n# This output is used by Xcode 'outputs' to avoid re-running this script phase.\necho \"SUCCESS\" > \"${SCRIPT_OUTPUT_FILE_0}\"\n";
			showEnvVarsInLog = 0;
		};
		4F95B0984277BA918B74CDEE /* [CP] Embed Pods Frameworks */ = {
			isa = PBXShellScriptBuildPhase;
			buildActionMask = 2147483647;
			files = (
			);
			inputPaths = (
				"${SRCROOT}/Pods/Target Support Files/Pods-UpcomingMovies/Pods-UpcomingMovies-frameworks.sh",
				"${BUILT_PRODUCTS_DIR}/Alamofire/Alamofire.framework",
				"${BUILT_PRODUCTS_DIR}/AlamofireImage/AlamofireImage.framework",
			);
			name = "[CP] Embed Pods Frameworks";
			outputPaths = (
				"${TARGET_BUILD_DIR}/${FRAMEWORKS_FOLDER_PATH}/Alamofire.framework",
				"${TARGET_BUILD_DIR}/${FRAMEWORKS_FOLDER_PATH}/AlamofireImage.framework",
			);
			runOnlyForDeploymentPostprocessing = 0;
			shellPath = /bin/sh;
			shellScript = "\"${SRCROOT}/Pods/Target Support Files/Pods-UpcomingMovies/Pods-UpcomingMovies-frameworks.sh\"\n";
			showEnvVarsInLog = 0;
		};
/* End PBXShellScriptBuildPhase section */

/* Begin PBXSourcesBuildPhase section */
		75D483B01D35CE41004E1986 /* Sources */ = {
			isa = PBXSourcesBuildPhase;
			buildActionMask = 2147483647;
			files = (
				757EE30D1D360CE30083C177 /* DetailViewController.swift in Sources */,
				75B1F6931D35D794004D11C0 /* Result.swift in Sources */,
				75D483BA1D35CE42004E1986 /* MoviesViewController.swift in Sources */,
				75B1F6991D35EF9E004D11C0 /* TMDb+ResourceExtensions.swift in Sources */,
				75B1F68B1D35D68A004D11C0 /* GCDUtils.swift in Sources */,
				75B1F6911D35D75A004D11C0 /* Webservice.swift in Sources */,
				75B1F6971D35EE73004D11C0 /* TMDb.swift in Sources */,
				75D483B81D35CE42004E1986 /* AppDelegate.swift in Sources */,
				75B1F6841D35D024004D11C0 /* TMDbConfig.swift in Sources */,
				75B1F6861D35D141004D11C0 /* Constants.swift in Sources */,
				75B1F69F1D360A01004D11C0 /* App.swift in Sources */,
				755EC0851D38754E000B7691 /* MoviesTableViewDataSource.swift in Sources */,
				75B1F69B1D35F91A004D11C0 /* Movie.swift in Sources */,
				75B1F68F1D35D715004D11C0 /* Resource.swift in Sources */,
				75B096341D367ABC0016EB7C /* Genre.swift in Sources */,
			);
			runOnlyForDeploymentPostprocessing = 0;
		};
/* End PBXSourcesBuildPhase section */

/* Begin PBXVariantGroup section */
		75D483BB1D35CE42004E1986 /* Main.storyboard */ = {
			isa = PBXVariantGroup;
			children = (
				75D483BC1D35CE42004E1986 /* Base */,
			);
			name = Main.storyboard;
			sourceTree = "<group>";
		};
/* End PBXVariantGroup section */

/* Begin XCBuildConfiguration section */
		75D483C11D35CE42004E1986 /* Debug */ = {
			isa = XCBuildConfiguration;
			buildSettings = {
				ALWAYS_SEARCH_USER_PATHS = NO;
				CLANG_ANALYZER_NONNULL = YES;
				CLANG_CXX_LANGUAGE_STANDARD = "gnu++0x";
				CLANG_CXX_LIBRARY = "libc++";
				CLANG_ENABLE_MODULES = YES;
				CLANG_ENABLE_OBJC_ARC = YES;
				CLANG_WARN_BOOL_CONVERSION = YES;
				CLANG_WARN_CONSTANT_CONVERSION = YES;
				CLANG_WARN_DIRECT_OBJC_ISA_USAGE = YES_ERROR;
				CLANG_WARN_EMPTY_BODY = YES;
				CLANG_WARN_ENUM_CONVERSION = YES;
				CLANG_WARN_INFINITE_RECURSION = YES;
				CLANG_WARN_INT_CONVERSION = YES;
				CLANG_WARN_OBJC_ROOT_CLASS = YES_ERROR;
				CLANG_WARN_SUSPICIOUS_MOVE = YES;
				CLANG_WARN_UNREACHABLE_CODE = YES;
				CLANG_WARN__DUPLICATE_METHOD_MATCH = YES;
				COPY_PHASE_STRIP = NO;
				DEBUG_INFORMATION_FORMAT = dwarf;
				ENABLE_STRICT_OBJC_MSGSEND = YES;
				ENABLE_TESTABILITY = YES;
				GCC_C_LANGUAGE_STANDARD = gnu99;
				GCC_DYNAMIC_NO_PIC = NO;
				GCC_NO_COMMON_BLOCKS = YES;
				GCC_OPTIMIZATION_LEVEL = 0;
				GCC_PREPROCESSOR_DEFINITIONS = (
					"DEBUG=1",
					"$(inherited)",
				);
				GCC_WARN_64_TO_32_BIT_CONVERSION = YES;
				GCC_WARN_ABOUT_RETURN_TYPE = YES_ERROR;
				GCC_WARN_UNDECLARED_SELECTOR = YES;
				GCC_WARN_UNINITIALIZED_AUTOS = YES_AGGRESSIVE;
				GCC_WARN_UNUSED_FUNCTION = YES;
				GCC_WARN_UNUSED_VARIABLE = YES;
				MTL_ENABLE_DEBUG_INFO = YES;
				ONLY_ACTIVE_ARCH = YES;
				SDKROOT = appletvos;
				SWIFT_OPTIMIZATION_LEVEL = "-Onone";
				TARGETED_DEVICE_FAMILY = 3;
				TVOS_DEPLOYMENT_TARGET = 9.2;
			};
			name = Debug;
		};
		75D483C21D35CE42004E1986 /* Release */ = {
			isa = XCBuildConfiguration;
			buildSettings = {
				ALWAYS_SEARCH_USER_PATHS = NO;
				CLANG_ANALYZER_NONNULL = YES;
				CLANG_CXX_LANGUAGE_STANDARD = "gnu++0x";
				CLANG_CXX_LIBRARY = "libc++";
				CLANG_ENABLE_MODULES = YES;
				CLANG_ENABLE_OBJC_ARC = YES;
				CLANG_WARN_BOOL_CONVERSION = YES;
				CLANG_WARN_CONSTANT_CONVERSION = YES;
				CLANG_WARN_DIRECT_OBJC_ISA_USAGE = YES_ERROR;
				CLANG_WARN_EMPTY_BODY = YES;
				CLANG_WARN_ENUM_CONVERSION = YES;
				CLANG_WARN_INFINITE_RECURSION = YES;
				CLANG_WARN_INT_CONVERSION = YES;
				CLANG_WARN_OBJC_ROOT_CLASS = YES_ERROR;
				CLANG_WARN_SUSPICIOUS_MOVE = YES;
				CLANG_WARN_UNREACHABLE_CODE = YES;
				CLANG_WARN__DUPLICATE_METHOD_MATCH = YES;
				COPY_PHASE_STRIP = NO;
				DEBUG_INFORMATION_FORMAT = "dwarf-with-dsym";
				ENABLE_NS_ASSERTIONS = NO;
				ENABLE_STRICT_OBJC_MSGSEND = YES;
				GCC_C_LANGUAGE_STANDARD = gnu99;
				GCC_NO_COMMON_BLOCKS = YES;
				GCC_WARN_64_TO_32_BIT_CONVERSION = YES;
				GCC_WARN_ABOUT_RETURN_TYPE = YES_ERROR;
				GCC_WARN_UNDECLARED_SELECTOR = YES;
				GCC_WARN_UNINITIALIZED_AUTOS = YES_AGGRESSIVE;
				GCC_WARN_UNUSED_FUNCTION = YES;
				GCC_WARN_UNUSED_VARIABLE = YES;
				MTL_ENABLE_DEBUG_INFO = NO;
				SDKROOT = appletvos;
				SWIFT_OPTIMIZATION_LEVEL = "-Owholemodule";
				TARGETED_DEVICE_FAMILY = 3;
				TVOS_DEPLOYMENT_TARGET = 9.2;
				VALIDATE_PRODUCT = YES;
			};
			name = Release;
		};
		75D483C41D35CE42004E1986 /* Debug */ = {
			isa = XCBuildConfiguration;
			baseConfigurationReference = F8AC00C8706D189B11016F8D /* Pods-UpcomingMovies.debug.xcconfig */;
			buildSettings = {
				ASSETCATALOG_COMPILER_APPICON_NAME = "App Icon & Top Shelf Image";
				ASSETCATALOG_COMPILER_LAUNCHIMAGE_NAME = LaunchImage;
				INFOPLIST_FILE = UpcomingMovies/Info.plist;
				LD_RUNPATH_SEARCH_PATHS = "$(inherited) @executable_path/Frameworks";
				PRODUCT_BUNDLE_IDENTIFIER = com.ivanmagda.UpcomingMovies;
				PRODUCT_NAME = "$(TARGET_NAME)";
				SWIFT_VERSION = 3.0;
				TVOS_DEPLOYMENT_TARGET = 9.0;
			};
			name = Debug;
		};
		75D483C51D35CE42004E1986 /* Release */ = {
			isa = XCBuildConfiguration;
			baseConfigurationReference = ED965D9D18F9907FA29826D9 /* Pods-UpcomingMovies.release.xcconfig */;
			buildSettings = {
				ASSETCATALOG_COMPILER_APPICON_NAME = "App Icon & Top Shelf Image";
				ASSETCATALOG_COMPILER_LAUNCHIMAGE_NAME = LaunchImage;
				INFOPLIST_FILE = UpcomingMovies/Info.plist;
				LD_RUNPATH_SEARCH_PATHS = "$(inherited) @executable_path/Frameworks";
				PRODUCT_BUNDLE_IDENTIFIER = com.ivanmagda.UpcomingMovies;
				PRODUCT_NAME = "$(TARGET_NAME)";
				SWIFT_VERSION = 3.0;
				TVOS_DEPLOYMENT_TARGET = 9.0;
			};
			name = Release;
		};
/* End XCBuildConfiguration section */

/* Begin XCConfigurationList section */
		75D483AF1D35CE41004E1986 /* Build configuration list for PBXProject "UpcomingMovies" */ = {
			isa = XCConfigurationList;
			buildConfigurations = (
				75D483C11D35CE42004E1986 /* Debug */,
				75D483C21D35CE42004E1986 /* Release */,
			);
			defaultConfigurationIsVisible = 0;
			defaultConfigurationName = Release;
		};
		75D483C31D35CE42004E1986 /* Build configuration list for PBXNativeTarget "UpcomingMovies" */ = {
			isa = XCConfigurationList;
			buildConfigurations = (
				75D483C41D35CE42004E1986 /* Debug */,
				75D483C51D35CE42004E1986 /* Release */,
			);
			defaultConfigurationIsVisible = 0;
			defaultConfigurationName = Release;
		};
/* End XCConfigurationList section */
	};
	rootObject = 75D483AC1D35CE41004E1986 /* Project object */;
}
